{
    "_readme": [
        "This file locks the dependencies of your project to a known state",
        "Read more about it at https://getcomposer.org/doc/01-basic-usage.md#installing-dependencies",
        "This file is @generated automatically"
    ],
    "content-hash": "535e027a2fb284657f585f662b83c7ee",
    "packages": [
        {
            "name": "bacon/bacon-qr-code",
            "version": "v3.0.1",
            "source": {
                "type": "git",
                "url": "https://github.com/Bacon/BaconQrCode.git",
                "reference": "f9cc1f52b5a463062251d666761178dbdb6b544f"
            },
            "dist": {
                "type": "zip",
                "url": "https://api.github.com/repos/Bacon/BaconQrCode/zipball/f9cc1f52b5a463062251d666761178dbdb6b544f",
                "reference": "f9cc1f52b5a463062251d666761178dbdb6b544f",
                "shasum": ""
            },
            "require": {
                "dasprid/enum": "^1.0.3",
                "ext-iconv": "*",
                "php": "^8.1"
            },
            "require-dev": {
                "phly/keep-a-changelog": "^2.12",
                "phpunit/phpunit": "^10.5.11 || 11.0.4",
                "spatie/phpunit-snapshot-assertions": "^5.1.5",
                "squizlabs/php_codesniffer": "^3.9"
            },
            "suggest": {
                "ext-imagick": "to generate QR code images"
            },
            "type": "library",
            "autoload": {
                "psr-4": {
                    "BaconQrCode\\": "src/"
                }
            },
            "notification-url": "https://packagist.org/downloads/",
            "license": [
                "BSD-2-Clause"
            ],
            "authors": [
                {
                    "name": "Ben Scholzen 'DASPRiD'",
                    "email": "mail@dasprids.de",
                    "homepage": "https://dasprids.de/",
                    "role": "Developer"
                }
            ],
            "description": "BaconQrCode is a QR code generator for PHP.",
            "homepage": "https://github.com/Bacon/BaconQrCode",
            "support": {
                "issues": "https://github.com/Bacon/BaconQrCode/issues",
                "source": "https://github.com/Bacon/BaconQrCode/tree/v3.0.1"
            },
            "time": "2024-10-01T13:55:55+00:00"
        },
        {
            "name": "dasprid/enum",
            "version": "1.0.6",
            "source": {
                "type": "git",
                "url": "https://github.com/DASPRiD/Enum.git",
                "reference": "8dfd07c6d2cf31c8da90c53b83c026c7696dda90"
            },
            "dist": {
                "type": "zip",
                "url": "https://api.github.com/repos/DASPRiD/Enum/zipball/8dfd07c6d2cf31c8da90c53b83c026c7696dda90",
                "reference": "8dfd07c6d2cf31c8da90c53b83c026c7696dda90",
                "shasum": ""
            },
            "require": {
                "php": ">=7.1 <9.0"
            },
            "require-dev": {
                "phpunit/phpunit": "^7 || ^8 || ^9 || ^10 || ^11",
                "squizlabs/php_codesniffer": "*"
            },
            "type": "library",
            "autoload": {
                "psr-4": {
                    "DASPRiD\\Enum\\": "src/"
                }
            },
            "notification-url": "https://packagist.org/downloads/",
            "license": [
                "BSD-2-Clause"
            ],
            "authors": [
                {
                    "name": "Ben Scholzen 'DASPRiD'",
                    "email": "mail@dasprids.de",
                    "homepage": "https://dasprids.de/",
                    "role": "Developer"
                }
            ],
            "description": "PHP 7.1 enum implementation",
            "keywords": [
                "enum",
                "map"
            ],
            "support": {
                "issues": "https://github.com/DASPRiD/Enum/issues",
                "source": "https://github.com/DASPRiD/Enum/tree/1.0.6"
            },
            "time": "2024-08-09T14:30:48+00:00"
        },
        {
            "name": "endroid/qr-code",
            "version": "6.0.9",
            "source": {
                "type": "git",
                "url": "https://github.com/endroid/qr-code.git",
                "reference": "21e888e8597440b2205e2e5c484b6c8e556bcd1a"
            },
            "dist": {
                "type": "zip",
                "url": "https://api.github.com/repos/endroid/qr-code/zipball/21e888e8597440b2205e2e5c484b6c8e556bcd1a",
                "reference": "21e888e8597440b2205e2e5c484b6c8e556bcd1a",
                "shasum": ""
            },
            "require": {
                "bacon/bacon-qr-code": "^3.0",
                "php": "^8.2"
            },
            "require-dev": {
                "endroid/quality": "dev-main",
                "ext-gd": "*",
                "khanamiryan/qrcode-detector-decoder": "^2.0.2",
                "setasign/fpdf": "^1.8.2"
            },
            "suggest": {
                "ext-gd": "Enables you to write PNG images",
                "khanamiryan/qrcode-detector-decoder": "Enables you to use the image validator",
                "roave/security-advisories": "Makes sure package versions with known security issues are not installed",
                "setasign/fpdf": "Enables you to use the PDF writer"
            },
            "type": "library",
            "extra": {
                "branch-alias": {
                    "dev-main": "6.x-dev"
                }
            },
            "autoload": {
                "psr-4": {
                    "Endroid\\QrCode\\": "src/"
                }
            },
            "notification-url": "https://packagist.org/downloads/",
            "license": [
                "MIT"
            ],
            "authors": [
                {
                    "name": "Jeroen van den Enden",
                    "email": "info@endroid.nl"
                }
            ],
            "description": "Endroid QR Code",
            "homepage": "https://github.com/endroid/qr-code",
            "keywords": [
                "code",
                "endroid",
                "php",
                "qr",
                "qrcode"
            ],
            "support": {
                "issues": "https://github.com/endroid/qr-code/issues",
                "source": "https://github.com/endroid/qr-code/tree/6.0.9"
            },
            "funding": [
                {
                    "url": "https://github.com/endroid",
                    "type": "github"
                }
            ],
            "time": "2025-07-13T19:59:45+00:00"
        },
        {
            "name": "flightphp/core",
            "version": "v3.16.1",
            "source": {
                "type": "git",
                "url": "https://github.com/flightphp/core.git",
                "reference": "f2b4aea5d5e4662b8edcfc36b5ba2b5badf54c3e"
            },
            "dist": {
                "type": "zip",
                "url": "https://api.github.com/repos/flightphp/core/zipball/f2b4aea5d5e4662b8edcfc36b5ba2b5badf54c3e",
                "reference": "f2b4aea5d5e4662b8edcfc36b5ba2b5badf54c3e",
                "shasum": ""
            },
            "require": {
                "ext-json": "*",
                "php": ">=7.4"
            },
            "replace": {
                "mikecao/flight": "2.0.2"
            },
            "require-dev": {
                "ext-pdo_sqlite": "*",
                "flightphp/container": "^1.0",
                "flightphp/runway": "^0.2.3 || ^1.0",
                "league/container": "^4.2",
                "level-2/dice": "^4.0",
                "phpstan/extension-installer": "^1.4",
                "phpstan/phpstan": "^2.1",
                "phpunit/phpunit": "^9.6",
                "rregeer/phpunit-coverage-check": "^0.3.1",
                "spatie/phpunit-watcher": "^1.23 || ^1.24",
                "squizlabs/php_codesniffer": "^3.11"
            },
            "suggest": {
                "latte/latte": "Latte template engine",
                "phpstan/phpstan": "PHP Static Analyzer",
                "tracy/tracy": "Tracy debugger"
            },
            "type": "library",
            "autoload": {
                "files": [
                    "flight/autoload.php"
                ]
            },
            "notification-url": "https://packagist.org/downloads/",
            "license": [
                "MIT"
            ],
            "authors": [
                {
                    "name": "Mike Cao",
                    "email": "mike@mikecao.com",
                    "homepage": "http://www.mikecao.com/",
                    "role": "Original Developer"
                },
                {
                    "name": "Franyer Sánchez",
                    "email": "franyeradriansanchez@gmail.com",
                    "homepage": "https://faslatam.42web.io",
                    "role": "Maintainer"
                },
                {
                    "name": "n0nag0n",
                    "email": "n0nag0n@sky-9.com",
                    "role": "Maintainer"
                }
            ],
            "description": "Flight is a fast, simple, extensible framework for PHP. Flight enables you to quickly and easily build RESTful web applications. This is the maintained fork of mikecao/flight",
            "homepage": "http://flightphp.com",
            "support": {
                "issues": "https://github.com/flightphp/core/issues",
                "source": "https://github.com/flightphp/core/tree/v3.16.1"
            },
            "time": "2025-07-19T04:10:46+00:00"
        }
    ],
    "packages-dev": [],
    "aliases": [],
    "minimum-stability": "stable",
    "stability-flags": [],
    "prefer-stable": false,
    "prefer-lowest": false,
    "platform": [],
    "platform-dev": [],
    "plugin-api-version": "2.6.0"
}
